
Microsoft Visual Studio Solution File, Format Version 12.00
# Visual Studio Version 17
VisualStudioVersion = 17.7.34031.279
MinimumVisualStudioVersion = 10.0.40219.1
Project("{8BC9CEB8-8B4A-11D0-8D11-00A0C91BC942}") = "p34 print all vowels in string", "p34 print all vowels in string\p34 print all vowels in string.vcxproj", "{EE607A88-3DC3-421B-B608-BBB25764214F}"
EndProject
Global
	GlobalSection(SolutionConfigurationPlatforms) = preSolution
		Debug|x64 = Debug|x64
		Debug|x86 = Debug|x86
		Release|x64 = Release|x64
		Release|x86 = Release|x86
	EndGlobalSection
	GlobalSection(ProjectConfigurationPlatforms) = postSolution
		{EE607A88-3DC3-421B-B608-BBB25764214F}.Debug|x64.ActiveCfg = Debug|x64
		{EE607A88-3DC3-421B-B608-BBB25764214F}.Debug|x64.Build.0 = Debug|x64
		{EE607A88-3DC3-421B-B608-BBB25764214F}.Debug|x86.ActiveCfg = Debug|Win32
		{EE607A88-3DC3-421B-B608-BBB25764214F}.Debug|x86.Build.0 = Debug|Win32
		{EE607A88-3DC3-421B-B608-BBB25764214F}.Release|x64.ActiveCfg = Release|x64
		{EE607A88-3DC3-421B-B608-BBB25764214F}.Release|x64.Build.0 = Release|x64
		{EE607A88-3DC3-421B-B608-BBB25764214F}.Release|x86.ActiveCfg = Release|Win32
		{EE607A88-3DC3-421B-B608-BBB25764214F}.Release|x86.Build.0 = Release|Win32
	EndGlobalSection
	GlobalSection(SolutionProperties) = preSolution
		HideSolutionNode = FALSE
	EndGlobalSection
	GlobalSection(ExtensibilityGlobals) = postSolution
		SolutionGuid = {877D5E69-C6CA-4B50-B33F-A7AFDD3C8175}
	EndGlobalSection
EndGlobal
